
Microsoft Visual Studio Solution File, Format Version 12.00
# Visual Studio Version 17
VisualStudioVersion = 17.8.34309.116
MinimumVisualStudioVersion = 10.0.40219.1
Project("{FAE04EC0-301F-11D3-BF4B-00C04F79EFBC}") = "SalesMvcWeb", "SalesMvcWeb\SalesMvcWeb.csproj", "{5B2E28D8-E1D3-4822-A701-5A526AA9F9C5}"
EndProject
Global
	GlobalSection(SolutionConfigurationPlatforms) = preSolution
		Debug|Any CPU = Debug|Any CPU
		Release|Any CPU = Release|Any CPU
	EndGlobalSection
	GlobalSection(ProjectConfigurationPlatforms) = postSolution
		{5B2E28D8-E1D3-4822-A701-5A526AA9F9C5}.Debug|Any CPU.ActiveCfg = Debug|Any CPU
		{5B2E28D8-E1D3-4822-A701-5A526AA9F9C5}.Debug|Any CPU.Build.0 = Debug|Any CPU
		{5B2E28D8-E1D3-4822-A701-5A526AA9F9C5}.Release|Any CPU.ActiveCfg = Release|Any CPU
		{5B2E28D8-E1D3-4822-A701-5A526AA9F9C5}.Release|Any CPU.Build.0 = Release|Any CPU
	EndGlobalSection
	GlobalSection(SolutionProperties) = preSolution
		HideSolutionNode = FALSE
	EndGlobalSection
	GlobalSection(ExtensibilityGlobals) = postSolution
		SolutionGuid = {0CDA6574-D7DD-4E47-816F-04455CE1881E}
	EndGlobalSection
EndGlobal
